
Microsoft Visual Studio Solution File, Format Version 12.00
# Visual Studio Version 17
VisualStudioVersion = 17.14.36414.22 d17.14
MinimumVisualStudioVersion = 10.0.40219.1
Project("{FAE04EC0-301F-11D3-BF4B-00C04F79EFBC}") = "KotKalkulatorWalut", "KotKalkulatorWalut.csproj", "{08F12A20-0DB0-4645-B5E4-60F616438E57}"
EndProject
Global
	GlobalSection(SolutionConfigurationPlatforms) = preSolution
		Debug|Any CPU = Debug|Any CPU
		Release|Any CPU = Release|Any CPU
	EndGlobalSection
	GlobalSection(ProjectConfigurationPlatforms) = postSolution
		{08F12A20-0DB0-4645-B5E4-60F616438E57}.Debug|Any CPU.ActiveCfg = Debug|Any CPU
		{08F12A20-0DB0-4645-B5E4-60F616438E57}.Debug|Any CPU.Build.0 = Debug|Any CPU
		{08F12A20-0DB0-4645-B5E4-60F616438E57}.Release|Any CPU.ActiveCfg = Release|Any CPU
		{08F12A20-0DB0-4645-B5E4-60F616438E57}.Release|Any CPU.Build.0 = Release|Any CPU
	EndGlobalSection
	GlobalSection(SolutionProperties) = preSolution
		HideSolutionNode = FALSE
	EndGlobalSection
	GlobalSection(ExtensibilityGlobals) = postSolution
		SolutionGuid = {9251275A-1BAD-4199-ABD2-EA44DFAB26E5}
	EndGlobalSection
EndGlobal
